Microsoft Visual Studio Solution File, Format Version 12.00
# Visual Studio Version 17
VisualStudioVersion = 17.5.2.0
MinimumVisualStudioVersion = 10.0.40219.1
Project("{FAE04EC0-301F-11D3-BF4B-00C04F79EFBC}") = "SimsModDesktop", "SimsModDesktop\SimsModDesktop.csproj", "{1C6C135A-90BE-A47E-5599-5EE1A95CFFEB}"
EndProject
Project("{FAE04EC0-301F-11D3-BF4B-00C04F79EFBC}") = "SimsModDesktop.Tests", "SimsModDesktop.Tests\SimsModDesktop.Tests.csproj", "{68AADA64-C0C9-3389-D275-C9C23535B56B}"
EndProject
Global
	GlobalSection(SolutionConfigurationPlatforms) = preSolution
		Debug|Any CPU = Debug|Any CPU
		Release|Any CPU = Release|Any CPU
	EndGlobalSection
	GlobalSection(ProjectConfigurationPlatforms) = postSolution
		{1C6C135A-90BE-A47E-5599-5EE1A95CFFEB}.Debug|Any CPU.ActiveCfg = Debug|Any CPU
		{1C6C135A-90BE-A47E-5599-5EE1A95CFFEB}.Debug|Any CPU.Build.0 = Debug|Any CPU
		{1C6C135A-90BE-A47E-5599-5EE1A95CFFEB}.Release|Any CPU.ActiveCfg = Release|Any CPU
		{1C6C135A-90BE-A47E-5599-5EE1A95CFFEB}.Release|Any CPU.Build.0 = Release|Any CPU
		{68AADA64-C0C9-3389-D275-C9C23535B56B}.Debug|Any CPU.ActiveCfg = Debug|Any CPU
		{68AADA64-C0C9-3389-D275-C9C23535B56B}.Debug|Any CPU.Build.0 = Debug|Any CPU
		{68AADA64-C0C9-3389-D275-C9C23535B56B}.Release|Any CPU.ActiveCfg = Release|Any CPU
		{68AADA64-C0C9-3389-D275-C9C23535B56B}.Release|Any CPU.Build.0 = Release|Any CPU
	EndGlobalSection
	GlobalSection(SolutionProperties) = preSolution
		HideSolutionNode = FALSE
	EndGlobalSection
	GlobalSection(ExtensibilityGlobals) = postSolution
		SolutionGuid = {6F76A2E7-928D-448A-A81D-F00B44EC5FFF}
	EndGlobalSection
EndGlobal
